
Microsoft Visual Studio Solution File, Format Version 12.00
# Visual Studio 14
VisualStudioVersion = 14.0.24720.0
MinimumVisualStudioVersion = 10.0.40219.1
Project("{8BC9CEB8-8B4A-11D0-8D11-00A0C91BC942}") = "problem001", "problem001\problem001.vcxproj", "{1FF2DB9E-797B-4DA9-AE89-82A2B678BA60}"
EndProject
Project("{8BC9CEB8-8B4A-11D0-8D11-00A0C91BC942}") = "problem002", "problem002\problem002.vcxproj", "{D6D486F8-504F-4759-AE20-A87EB5DF532F}"
EndProject
Project("{8BC9CEB8-8B4A-11D0-8D11-00A0C91BC942}") = "problem003", "problem003\problem003.vcxproj", "{9795BDC6-D2FD-4655-A390-FA981617D641}"
EndProject
Project("{8BC9CEB8-8B4A-11D0-8D11-00A0C91BC942}") = "problem004", "problem004\problem004.vcxproj", "{8AAA4699-BE58-49A5-934A-6F19AC4D11E2}"
EndProject
Project("{8BC9CEB8-8B4A-11D0-8D11-00A0C91BC942}") = "problem005", "problem005\problem005.vcxproj", "{EDC252C2-4FC4-458E-83A5-64415B47A25A}"
EndProject
Project("{8BC9CEB8-8B4A-11D0-8D11-00A0C91BC942}") = "problem006", "problem006\problem006.vcxproj", "{27BC3A63-F8AB-49F2-966F-B9FE8A8F2717}"
EndProject
Project("{8BC9CEB8-8B4A-11D0-8D11-00A0C91BC942}") = "problem007", "problem007\problem007.vcxproj", "{545A95E0-883E-4360-BADC-58425F6C1C9F}"
EndProject
Project("{8BC9CEB8-8B4A-11D0-8D11-00A0C91BC942}") = "problem008", "problem008\problem008.vcxproj", "{490761FD-9F9F-4CE3-9B18-745C0467AE1B}"
EndProject
Project("{8BC9CEB8-8B4A-11D0-8D11-00A0C91BC942}") = "problem009", "problem009\problem009.vcxproj", "{EDFCB22F-C84A-44D1-ABDD-6B19A3DBC8F9}"
EndProject
Project("{8BC9CEB8-8B4A-11D0-8D11-00A0C91BC942}") = "problem010", "problem010\problem010.vcxproj", "{DBF7FAD5-0DBE-4931-94C1-0349A6510188}"
EndProject
Project("{8BC9CEB8-8B4A-11D0-8D11-00A0C91BC942}") = "problem011", "problem011\problem011.vcxproj", "{DA4DF080-889E-417C-A903-E9C43F5F3029}"
EndProject
Project("{8BC9CEB8-8B4A-11D0-8D11-00A0C91BC942}") = "problem012", "problem012\problem012.vcxproj", "{C9E74F0C-F2A7-4C00-BDBE-B0F308689EF2}"
EndProject
Project("{8BC9CEB8-8B4A-11D0-8D11-00A0C91BC942}") = "problem013", "problem013\problem013.vcxproj", "{E90D67E3-22A9-4943-99B3-F19614419305}"
EndProject
Project("{8BC9CEB8-8B4A-11D0-8D11-00A0C91BC942}") = "problem014", "problem014\problem014.vcxproj", "{484D2747-19FF-4371-9B30-FF0D8B2FBEB6}"
EndProject
Project("{8BC9CEB8-8B4A-11D0-8D11-00A0C91BC942}") = "problem015", "problem015\problem015.vcxproj", "{13AA820B-E861-4C2E-8F9A-D6825686B332}"
EndProject
Project("{8BC9CEB8-8B4A-11D0-8D11-00A0C91BC942}") = "problem016", "problem016\problem016.vcxproj", "{619CBF74-4F7A-42A8-8441-5EBF2A88B7CC}"
EndProject
Project("{8BC9CEB8-8B4A-11D0-8D11-00A0C91BC942}") = "problem017", "problem017\problem017.vcxproj", "{8EA1FC5D-B0D1-4F35-BF90-4AFE2C48A156}"
EndProject
Project("{8BC9CEB8-8B4A-11D0-8D11-00A0C91BC942}") = "problem018", "problem018\problem018.vcxproj", "{E9838FB7-DAB9-4B75-8171-914C241C49DF}"
EndProject
Project("{8BC9CEB8-8B4A-11D0-8D11-00A0C91BC942}") = "problem019", "problem019\problem019.vcxproj", "{F9AFB4F4-43E1-4C6E-8D1C-54CE8C356E62}"
EndProject
Project("{8BC9CEB8-8B4A-11D0-8D11-00A0C91BC942}") = "problem020", "problem020\problem020.vcxproj", "{FD855062-616E-4E58-9A22-57698A6E1BE5}"
EndProject
Project("{8BC9CEB8-8B4A-11D0-8D11-00A0C91BC942}") = "problem021", "problem021\problem021.vcxproj", "{F2F24DDD-5071-43AF-B8CB-EC91E510B9BE}"
EndProject
Project("{8BC9CEB8-8B4A-11D0-8D11-00A0C91BC942}") = "problem022", "problem022\problem022.vcxproj", "{6DC20481-5025-487B-8406-A8FA63A3D39C}"
EndProject
Project("{8BC9CEB8-8B4A-11D0-8D11-00A0C91BC942}") = "problem023", "problem023\problem023.vcxproj", "{FB17D0EC-702A-4057-A023-3D3E0CABE562}"
EndProject
Project("{8BC9CEB8-8B4A-11D0-8D11-00A0C91BC942}") = "problem024", "problem024\problem024.vcxproj", "{4F145130-30B3-484C-946C-949C0503637D}"
EndProject
Project("{8BC9CEB8-8B4A-11D0-8D11-00A0C91BC942}") = "problem025", "problem025\problem025.vcxproj", "{B34B3784-FE72-4617-A8A1-DDE9E3763729}"
EndProject
Project("{8BC9CEB8-8B4A-11D0-8D11-00A0C91BC942}") = "problem026", "problem026\problem026.vcxproj", "{CA227CCC-D054-46BF-BEBA-A402844E356C}"
EndProject
Project("{8BC9CEB8-8B4A-11D0-8D11-00A0C91BC942}") = "problem027", "problem027\problem027.vcxproj", "{436F73B8-8162-4B97-A044-E94B2D6BAA9A}"
EndProject
Project("{8BC9CEB8-8B4A-11D0-8D11-00A0C91BC942}") = "problem028", "problem028\problem028.vcxproj", "{8AF7A52F-6D9F-46E6-840B-5A0F7DDDED52}"
EndProject
Global
	GlobalSection(SolutionConfigurationPlatforms) = preSolution
		Debug|x64 = Debug|x64
		Debug|x86 = Debug|x86
		Release|x64 = Release|x64
		Release|x86 = Release|x86
	EndGlobalSection
	GlobalSection(ProjectConfigurationPlatforms) = postSolution
		{1FF2DB9E-797B-4DA9-AE89-82A2B678BA60}.Debug|x64.ActiveCfg = Debug|x64
		{1FF2DB9E-797B-4DA9-AE89-82A2B678BA60}.Debug|x64.Build.0 = Debug|x64
		{1FF2DB9E-797B-4DA9-AE89-82A2B678BA60}.Debug|x86.ActiveCfg = Debug|Win32
		{1FF2DB9E-797B-4DA9-AE89-82A2B678BA60}.Debug|x86.Build.0 = Debug|Win32
		{1FF2DB9E-797B-4DA9-AE89-82A2B678BA60}.Release|x64.ActiveCfg = Release|x64
		{1FF2DB9E-797B-4DA9-AE89-82A2B678BA60}.Release|x64.Build.0 = Release|x64
		{1FF2DB9E-797B-4DA9-AE89-82A2B678BA60}.Release|x86.ActiveCfg = Release|Win32
		{1FF2DB9E-797B-4DA9-AE89-82A2B678BA60}.Release|x86.Build.0 = Release|Win32
		{D6D486F8-504F-4759-AE20-A87EB5DF532F}.Debug|x64.ActiveCfg = Debug|x64
		{D6D486F8-504F-4759-AE20-A87EB5DF532F}.Debug|x64.Build.0 = Debug|x64
		{D6D486F8-504F-4759-AE20-A87EB5DF532F}.Debug|x86.ActiveCfg = Debug|Win32
		{D6D486F8-504F-4759-AE20-A87EB5DF532F}.Debug|x86.Build.0 = Debug|Win32
		{D6D486F8-504F-4759-AE20-A87EB5DF532F}.Release|x64.ActiveCfg = Release|x64
		{D6D486F8-504F-4759-AE20-A87EB5DF532F}.Release|x64.Build.0 = Release|x64
		{D6D486F8-504F-4759-AE20-A87EB5DF532F}.Release|x86.ActiveCfg = Release|Win32
		{D6D486F8-504F-4759-AE20-A87EB5DF532F}.Release|x86.Build.0 = Release|Win32
		{9795BDC6-D2FD-4655-A390-FA981617D641}.Debug|x64.ActiveCfg = Debug|x64
		{9795BDC6-D2FD-4655-A390-FA981617D641}.Debug|x64.Build.0 = Debug|x64
		{9795BDC6-D2FD-4655-A390-FA981617D641}.Debug|x86.ActiveCfg = Debug|Win32
		{9795BDC6-D2FD-4655-A390-FA981617D641}.Debug|x86.Build.0 = Debug|Win32
		{9795BDC6-D2FD-4655-A390-FA981617D641}.Release|x64.ActiveCfg = Release|x64
		{9795BDC6-D2FD-4655-A390-FA981617D641}.Release|x64.Build.0 = Release|x64
		{9795BDC6-D2FD-4655-A390-FA981617D641}.Release|x86.ActiveCfg = Release|Win32
		{9795BDC6-D2FD-4655-A390-FA981617D641}.Release|x86.Build.0 = Release|Win32
		{8AAA4699-BE58-49A5-934A-6F19AC4D11E2}.Debug|x64.ActiveCfg = Debug|x64
		{8AAA4699-BE58-49A5-934A-6F19AC4D11E2}.Debug|x64.Build.0 = Debug|x64
		{8AAA4699-BE58-49A5-934A-6F19AC4D11E2}.Debug|x86.ActiveCfg = Debug|Win32
		{8AAA4699-BE58-49A5-934A-6F19AC4D11E2}.Debug|x86.Build.0 = Debug|Win32
		{8AAA4699-BE58-49A5-934A-6F19AC4D11E2}.Release|x64.ActiveCfg = Release|x64
		{8AAA4699-BE58-49A5-934A-6F19AC4D11E2}.Release|x64.Build.0 = Release|x64
		{8AAA4699-BE58-49A5-934A-6F19AC4D11E2}.Release|x86.ActiveCfg = Release|Win32
		{8AAA4699-BE58-49A5-934A-6F19AC4D11E2}.Release|x86.Build.0 = Release|Win32
		{EDC252C2-4FC4-458E-83A5-64415B47A25A}.Debug|x64.ActiveCfg = Debug|x64
		{EDC252C2-4FC4-458E-83A5-64415B47A25A}.Debug|x64.Build.0 = Debug|x64
		{EDC252C2-4FC4-458E-83A5-64415B47A25A}.Debug|x86.ActiveCfg = Debug|Win32
		{EDC252C2-4FC4-458E-83A5-64415B47A25A}.Debug|x86.Build.0 = Debug|Win32
		{EDC252C2-4FC4-458E-83A5-64415B47A25A}.Release|x64.ActiveCfg = Release|x64
		{EDC252C2-4FC4-458E-83A5-64415B47A25A}.Release|x64.Build.0 = Release|x64
		{EDC252C2-4FC4-458E-83A5-64415B47A25A}.Release|x86.ActiveCfg = Release|Win32
		{EDC252C2-4FC4-458E-83A5-64415B47A25A}.Release|x86.Build.0 = Release|Win32
		{27BC3A63-F8AB-49F2-966F-B9FE8A8F2717}.Debug|x64.ActiveCfg = Debug|x64
		{27BC3A63-F8AB-49F2-966F-B9FE8A8F2717}.Debug|x64.Build.0 = Debug|x64
		{27BC3A63-F8AB-49F2-966F-B9FE8A8F2717}.Debug|x86.ActiveCfg = Debug|Win32
		{27BC3A63-F8AB-49F2-966F-B9FE8A8F2717}.Debug|x86.Build.0 = Debug|Win32
		{27BC3A63-F8AB-49F2-966F-B9FE8A8F2717}.Release|x64.ActiveCfg = Release|x64
		{27BC3A63-F8AB-49F2-966F-B9FE8A8F2717}.Release|x64.Build.0 = Release|x64
		{27BC3A63-F8AB-49F2-966F-B9FE8A8F2717}.Release|x86.ActiveCfg = Release|Win32
		{27BC3A63-F8AB-49F2-966F-B9FE8A8F2717}.Release|x86.Build.0 = Release|Win32
		{545A95E0-883E-4360-BADC-58425F6C1C9F}.Debug|x64.ActiveCfg = Debug|x64
		{545A95E0-883E-4360-BADC-58425F6C1C9F}.Debug|x64.Build.0 = Debug|x64
		{545A95E0-883E-4360-BADC-58425F6C1C9F}.Debug|x86.ActiveCfg = Debug|Win32
		{545A95E0-883E-4360-BADC-58425F6C1C9F}.Debug|x86.Build.0 = Debug|Win32
		{545A95E0-883E-4360-BADC-58425F6C1C9F}.Release|x64.ActiveCfg = Release|x64
		{545A95E0-883E-4360-BADC-58425F6C1C9F}.Release|x64.Build.0 = Release|x64
		{545A95E0-883E-4360-BADC-58425F6C1C9F}.Release|x86.ActiveCfg = Release|Win32
		{545A95E0-883E-4360-BADC-58425F6C1C9F}.Release|x86.Build.0 = Release|Win32
		{490761FD-9F9F-4CE3-9B18-745C0467AE1B}.Debug|x64.ActiveCfg = Debug|x64
		{490761FD-9F9F-4CE3-9B18-745C0467AE1B}.Debug|x64.Build.0 = Debug|x64
		{490761FD-9F9F-4CE3-9B18-745C0467AE1B}.Debug|x86.ActiveCfg = Debug|Win32
		{490761FD-9F9F-4CE3-9B18-745C0467AE1B}.Debug|x86.Build.0 = Debug|Win32
		{490761FD-9F9F-4CE3-9B18-745C0467AE1B}.Release|x64.ActiveCfg = Release|x64
		{490761FD-9F9F-4CE3-9B18-745C0467AE1B}.Release|x64.Build.0 = Release|x64
		{490761FD-9F9F-4CE3-9B18-745C0467AE1B}.Release|x86.ActiveCfg = Release|Win32
		{490761FD-9F9F-4CE3-9B18-745C0467AE1B}.Release|x86.Build.0 = Release|Win32
		{EDFCB22F-C84A-44D1-ABDD-6B19A3DBC8F9}.Debug|x64.ActiveCfg = Debug|x64
		{EDFCB22F-C84A-44D1-ABDD-6B19A3DBC8F9}.Debug|x64.Build.0 = Debug|x64
		{EDFCB22F-C84A-44D1-ABDD-6B19A3DBC8F9}.Debug|x86.ActiveCfg = Debug|Win32
		{EDFCB22F-C84A-44D1-ABDD-6B19A3DBC8F9}.Debug|x86.Build.0 = Debug|Win32
		{EDFCB22F-C84A-44D1-ABDD-6B19A3DBC8F9}.Release|x64.ActiveCfg = Release|x64
		{EDFCB22F-C84A-44D1-ABDD-6B19A3DBC8F9}.Release|x64.Build.0 = Release|x64
		{EDFCB22F-C84A-44D1-ABDD-6B19A3DBC8F9}.Release|x86.ActiveCfg = Release|Win32
		{EDFCB22F-C84A-44D1-ABDD-6B19A3DBC8F9}.Release|x86.Build.0 = Release|Win32
		{DBF7FAD5-0DBE-4931-94C1-0349A6510188}.Debug|x64.ActiveCfg = Debug|x64
		{DBF7FAD5-0DBE-4931-94C1-0349A6510188}.Debug|x64.Build.0 = Debug|x64
		{DBF7FAD5-0DBE-4931-94C1-0349A6510188}.Debug|x86.ActiveCfg = Debug|Win32
		{DBF7FAD5-0DBE-4931-94C1-0349A6510188}.Debug|x86.Build.0 = Debug|Win32
		{DBF7FAD5-0DBE-4931-94C1-0349A6510188}.Release|x64.ActiveCfg = Release|x64
		{DBF7FAD5-0DBE-4931-94C1-0349A6510188}.Release|x64.Build.0 = Release|x64
		{DBF7FAD5-0DBE-4931-94C1-0349A6510188}.Release|x86.ActiveCfg = Release|Win32
		{DBF7FAD5-0DBE-4931-94C1-0349A6510188}.Release|x86.Build.0 = Release|Win32
		{DA4DF080-889E-417C-A903-E9C43F5F3029}.Debug|x64.ActiveCfg = Debug|x64
		{DA4DF080-889E-417C-A903-E9C43F5F3029}.Debug|x64.Build.0 = Debug|x64
		{DA4DF080-889E-417C-A903-E9C43F5F3029}.Debug|x86.ActiveCfg = Debug|Win32
		{DA4DF080-889E-417C-A903-E9C43F5F3029}.Debug|x86.Build.0 = Debug|Win32
		{DA4DF080-889E-417C-A903-E9C43F5F3029}.Release|x64.ActiveCfg = Release|x64
		{DA4DF080-889E-417C-A903-E9C43F5F3029}.Release|x64.Build.0 = Release|x64
		{DA4DF080-889E-417C-A903-E9C43F5F3029}.Release|x86.ActiveCfg = Release|Win32
		{DA4DF080-889E-417C-A903-E9C43F5F3029}.Release|x86.Build.0 = Release|Win32
		{C9E74F0C-F2A7-4C00-BDBE-B0F308689EF2}.Debug|x64.ActiveCfg = Debug|x64
		{C9E74F0C-F2A7-4C00-BDBE-B0F308689EF2}.Debug|x64.Build.0 = Debug|x64
		{C9E74F0C-F2A7-4C00-BDBE-B0F308689EF2}.Debug|x86.ActiveCfg = Debug|Win32
		{C9E74F0C-F2A7-4C00-BDBE-B0F308689EF2}.Debug|x86.Build.0 = Debug|Win32
		{C9E74F0C-F2A7-4C00-BDBE-B0F308689EF2}.Release|x64.ActiveCfg = Release|x64
		{C9E74F0C-F2A7-4C00-BDBE-B0F308689EF2}.Release|x64.Build.0 = Release|x64
		{C9E74F0C-F2A7-4C00-BDBE-B0F308689EF2}.Release|x86.ActiveCfg = Release|Win32
		{C9E74F0C-F2A7-4C00-BDBE-B0F308689EF2}.Release|x86.Build.0 = Release|Win32
		{E90D67E3-22A9-4943-99B3-F19614419305}.Debug|x64.ActiveCfg = Debug|x64
		{E90D67E3-22A9-4943-99B3-F19614419305}.Debug|x64.Build.0 = Debug|x64
		{E90D67E3-22A9-4943-99B3-F19614419305}.Debug|x86.ActiveCfg = Debug|Win32
		{E90D67E3-22A9-4943-99B3-F19614419305}.Debug|x86.Build.0 = Debug|Win32
		{E90D67E3-22A9-4943-99B3-F19614419305}.Release|x64.ActiveCfg = Release|x64
		{E90D67E3-22A9-4943-99B3-F19614419305}.Release|x64.Build.0 = Release|x64
		{E90D67E3-22A9-4943-99B3-F19614419305}.Release|x86.ActiveCfg = Release|Win32
		{E90D67E3-22A9-4943-99B3-F19614419305}.Release|x86.Build.0 = Release|Win32
		{484D2747-19FF-4371-9B30-FF0D8B2FBEB6}.Debug|x64.ActiveCfg = Debug|x64
		{484D2747-19FF-4371-9B30-FF0D8B2FBEB6}.Debug|x64.Build.0 = Debug|x64
		{484D2747-19FF-4371-9B30-FF0D8B2FBEB6}.Debug|x86.ActiveCfg = Debug|Win32
		{484D2747-19FF-4371-9B30-FF0D8B2FBEB6}.Debug|x86.Build.0 = Debug|Win32
		{484D2747-19FF-4371-9B30-FF0D8B2FBEB6}.Release|x64.ActiveCfg = Release|x64
		{484D2747-19FF-4371-9B30-FF0D8B2FBEB6}.Release|x64.Build.0 = Release|x64
		{484D2747-19FF-4371-9B30-FF0D8B2FBEB6}.Release|x86.ActiveCfg = Release|Win32
		{484D2747-19FF-4371-9B30-FF0D8B2FBEB6}.Release|x86.Build.0 = Release|Win32
		{13AA820B-E861-4C2E-8F9A-D6825686B332}.Debug|x64.ActiveCfg = Debug|x64
		{13AA820B-E861-4C2E-8F9A-D6825686B332}.Debug|x64.Build.0 = Debug|x64
		{13AA820B-E861-4C2E-8F9A-D6825686B332}.Debug|x86.ActiveCfg = Debug|Win32
		{13AA820B-E861-4C2E-8F9A-D6825686B332}.Debug|x86.Build.0 = Debug|Win32
		{13AA820B-E861-4C2E-8F9A-D6825686B332}.Release|x64.ActiveCfg = Release|x64
		{13AA820B-E861-4C2E-8F9A-D6825686B332}.Release|x64.Build.0 = Release|x64
		{13AA820B-E861-4C2E-8F9A-D6825686B332}.Release|x86.ActiveCfg = Release|Win32
		{13AA820B-E861-4C2E-8F9A-D6825686B332}.Release|x86.Build.0 = Release|Win32
		{619CBF74-4F7A-42A8-8441-5EBF2A88B7CC}.Debug|x64.ActiveCfg = Debug|x64
		{619CBF74-4F7A-42A8-8441-5EBF2A88B7CC}.Debug|x64.Build.0 = Debug|x64
		{619CBF74-4F7A-42A8-8441-5EBF2A88B7CC}.Debug|x86.ActiveCfg = Debug|Win32
		{619CBF74-4F7A-42A8-8441-5EBF2A88B7CC}.Debug|x86.Build.0 = Debug|Win32
		{619CBF74-4F7A-42A8-8441-5EBF2A88B7CC}.Release|x64.ActiveCfg = Release|x64
		{619CBF74-4F7A-42A8-8441-5EBF2A88B7CC}.Release|x64.Build.0 = Release|x64
		{619CBF74-4F7A-42A8-8441-5EBF2A88B7CC}.Release|x86.ActiveCfg = Release|Win32
		{619CBF74-4F7A-42A8-8441-5EBF2A88B7CC}.Release|x86.Build.0 = Release|Win32
		{8EA1FC5D-B0D1-4F35-BF90-4AFE2C48A156}.Debug|x64.ActiveCfg = Debug|x64
		{8EA1FC5D-B0D1-4F35-BF90-4AFE2C48A156}.Debug|x64.Build.0 = Debug|x64
		{8EA1FC5D-B0D1-4F35-BF90-4AFE2C48A156}.Debug|x86.ActiveCfg = Debug|Win32
		{8EA1FC5D-B0D1-4F35-BF90-4AFE2C48A156}.Debug|x86.Build.0 = Debug|Win32
		{8EA1FC5D-B0D1-4F35-BF90-4AFE2C48A156}.Release|x64.ActiveCfg = Release|x64
		{8EA1FC5D-B0D1-4F35-BF90-4AFE2C48A156}.Release|x64.Build.0 = Release|x64
		{8EA1FC5D-B0D1-4F35-BF90-4AFE2C48A156}.Release|x86.ActiveCfg = Release|Win32
		{8EA1FC5D-B0D1-4F35-BF90-4AFE2C48A156}.Release|x86.Build.0 = Release|Win32
		{E9838FB7-DAB9-4B75-8171-914C241C49DF}.Debug|x64.ActiveCfg = Debug|x64
		{E9838FB7-DAB9-4B75-8171-914C241C49DF}.Debug|x64.Build.0 = Debug|x64
		{E9838FB7-DAB9-4B75-8171-914C241C49DF}.Debug|x86.ActiveCfg = Debug|Win32
		{E9838FB7-DAB9-4B75-8171-914C241C49DF}.Debug|x86.Build.0 = Debug|Win32
		{E9838FB7-DAB9-4B75-8171-914C241C49DF}.Release|x64.ActiveCfg = Release|x64
		{E9838FB7-DAB9-4B75-8171-914C241C49DF}.Release|x64.Build.0 = Release|x64
		{E9838FB7-DAB9-4B75-8171-914C241C49DF}.Release|x86.ActiveCfg = Release|Win32
		{E9838FB7-DAB9-4B75-8171-914C241C49DF}.Release|x86.Build.0 = Release|Win32
		{F9AFB4F4-43E1-4C6E-8D1C-54CE8C356E62}.Debug|x64.ActiveCfg = Debug|x64
		{F9AFB4F4-43E1-4C6E-8D1C-54CE8C356E62}.Debug|x64.Build.0 = Debug|x64
		{F9AFB4F4-43E1-4C6E-8D1C-54CE8C356E62}.Debug|x86.ActiveCfg = Debug|Win32
		{F9AFB4F4-43E1-4C6E-8D1C-54CE8C356E62}.Debug|x86.Build.0 = Debug|Win32
		{F9AFB4F4-43E1-4C6E-8D1C-54CE8C356E62}.Release|x64.ActiveCfg = Release|x64
		{F9AFB4F4-43E1-4C6E-8D1C-54CE8C356E62}.Release|x64.Build.0 = Release|x64
		{F9AFB4F4-43E1-4C6E-8D1C-54CE8C356E62}.Release|x86.ActiveCfg = Release|Win32
		{F9AFB4F4-43E1-4C6E-8D1C-54CE8C356E62}.Release|x86.Build.0 = Release|Win32
		{FD855062-616E-4E58-9A22-57698A6E1BE5}.Debug|x64.ActiveCfg = Debug|x64
		{FD855062-616E-4E58-9A22-57698A6E1BE5}.Debug|x64.Build.0 = Debug|x64
		{FD855062-616E-4E58-9A22-57698A6E1BE5}.Debug|x86.ActiveCfg = Debug|Win32
		{FD855062-616E-4E58-9A22-57698A6E1BE5}.Debug|x86.Build.0 = Debug|Win32
		{FD855062-616E-4E58-9A22-57698A6E1BE5}.Release|x64.ActiveCfg = Release|x64
		{FD855062-616E-4E58-9A22-57698A6E1BE5}.Release|x64.Build.0 = Release|x64
		{FD855062-616E-4E58-9A22-57698A6E1BE5}.Release|x86.ActiveCfg = Release|Win32
		{FD855062-616E-4E58-9A22-57698A6E1BE5}.Release|x86.Build.0 = Release|Win32
		{F2F24DDD-5071-43AF-B8CB-EC91E510B9BE}.Debug|x64.ActiveCfg = Debug|x64
		{F2F24DDD-5071-43AF-B8CB-EC91E510B9BE}.Debug|x64.Build.0 = Debug|x64
		{F2F24DDD-5071-43AF-B8CB-EC91E510B9BE}.Debug|x86.ActiveCfg = Debug|Win32
		{F2F24DDD-5071-43AF-B8CB-EC91E510B9BE}.Debug|x86.Build.0 = Debug|Win32
		{F2F24DDD-5071-43AF-B8CB-EC91E510B9BE}.Release|x64.ActiveCfg = Release|x64
		{F2F24DDD-5071-43AF-B8CB-EC91E510B9BE}.Release|x64.Build.0 = Release|x64
		{F2F24DDD-5071-43AF-B8CB-EC91E510B9BE}.Release|x86.ActiveCfg = Release|Win32
		{F2F24DDD-5071-43AF-B8CB-EC91E510B9BE}.Release|x86.Build.0 = Release|Win32
		{6DC20481-5025-487B-8406-A8FA63A3D39C}.Debug|x64.ActiveCfg = Debug|x64
		{6DC20481-5025-487B-8406-A8FA63A3D39C}.Debug|x64.Build.0 = Debug|x64
		{6DC20481-5025-487B-8406-A8FA63A3D39C}.Debug|x86.ActiveCfg = Debug|Win32
		{6DC20481-5025-487B-8406-A8FA63A3D39C}.Debug|x86.Build.0 = Debug|Win32
		{6DC20481-5025-487B-8406-A8FA63A3D39C}.Release|x64.ActiveCfg = Release|x64
		{6DC20481-5025-487B-8406-A8FA63A3D39C}.Release|x64.Build.0 = Release|x64
		{6DC20481-5025-487B-8406-A8FA63A3D39C}.Release|x86.ActiveCfg = Release|Win32
		{6DC20481-5025-487B-8406-A8FA63A3D39C}.Release|x86.Build.0 = Release|Win32
		{FB17D0EC-702A-4057-A023-3D3E0CABE562}.Debug|x64.ActiveCfg = Debug|x64
		{FB17D0EC-702A-4057-A023-3D3E0CABE562}.Debug|x64.Build.0 = Debug|x64
		{FB17D0EC-702A-4057-A023-3D3E0CABE562}.Debug|x86.ActiveCfg = Debug|Win32
		{FB17D0EC-702A-4057-A023-3D3E0CABE562}.Debug|x86.Build.0 = Debug|Win32
		{FB17D0EC-702A-4057-A023-3D3E0CABE562}.Release|x64.ActiveCfg = Release|x64
		{FB17D0EC-702A-4057-A023-3D3E0CABE562}.Release|x64.Build.0 = Release|x64
		{FB17D0EC-702A-4057-A023-3D3E0CABE562}.Release|x86.ActiveCfg = Release|Win32
		{FB17D0EC-702A-4057-A023-3D3E0CABE562}.Release|x86.Build.0 = Release|Win32
		{4F145130-30B3-484C-946C-949C0503637D}.Debug|x64.ActiveCfg = Debug|x64
		{4F145130-30B3-484C-946C-949C0503637D}.Debug|x64.Build.0 = Debug|x64
		{4F145130-30B3-484C-946C-949C0503637D}.Debug|x86.ActiveCfg = Debug|Win32
		{4F145130-30B3-484C-946C-949C0503637D}.Debug|x86.Build.0 = Debug|Win32
		{4F145130-30B3-484C-946C-949C0503637D}.Release|x64.ActiveCfg = Release|x64
		{4F145130-30B3-484C-946C-949C0503637D}.Release|x64.Build.0 = Release|x64
		{4F145130-30B3-484C-946C-949C0503637D}.Release|x86.ActiveCfg = Release|Win32
		{4F145130-30B3-484C-946C-949C0503637D}.Release|x86.Build.0 = Release|Win32
		{B34B3784-FE72-4617-A8A1-DDE9E3763729}.Debug|x64.ActiveCfg = Debug|x64
		{B34B3784-FE72-4617-A8A1-DDE9E3763729}.Debug|x64.Build.0 = Debug|x64
		{B34B3784-FE72-4617-A8A1-DDE9E3763729}.Debug|x86.ActiveCfg = Debug|Win32
		{B34B3784-FE72-4617-A8A1-DDE9E3763729}.Debug|x86.Build.0 = Debug|Win32
		{B34B3784-FE72-4617-A8A1-DDE9E3763729}.Release|x64.ActiveCfg = Release|x64
		{B34B3784-FE72-4617-A8A1-DDE9E3763729}.Release|x64.Build.0 = Release|x64
		{B34B3784-FE72-4617-A8A1-DDE9E3763729}.Release|x86.ActiveCfg = Release|Win32
		{B34B3784-FE72-4617-A8A1-DDE9E3763729}.Release|x86.Build.0 = Release|Win32
		{CA227CCC-D054-46BF-BEBA-A402844E356C}.Debug|x64.ActiveCfg = Debug|x64
		{CA227CCC-D054-46BF-BEBA-A402844E356C}.Debug|x64.Build.0 = Debug|x64
		{CA227CCC-D054-46BF-BEBA-A402844E356C}.Debug|x86.ActiveCfg = Debug|Win32
		{CA227CCC-D054-46BF-BEBA-A402844E356C}.Debug|x86.Build.0 = Debug|Win32
		{CA227CCC-D054-46BF-BEBA-A402844E356C}.Release|x64.ActiveCfg = Release|x64
		{CA227CCC-D054-46BF-BEBA-A402844E356C}.Release|x64.Build.0 = Release|x64
		{CA227CCC-D054-46BF-BEBA-A402844E356C}.Release|x86.ActiveCfg = Release|Win32
		{CA227CCC-D054-46BF-BEBA-A402844E356C}.Release|x86.Build.0 = Release|Win32
		{436F73B8-8162-4B97-A044-E94B2D6BAA9A}.Debug|x64.ActiveCfg = Debug|x64
		{436F73B8-8162-4B97-A044-E94B2D6BAA9A}.Debug|x64.Build.0 = Debug|x64
		{436F73B8-8162-4B97-A044-E94B2D6BAA9A}.Debug|x86.ActiveCfg = Debug|Win32
		{436F73B8-8162-4B97-A044-E94B2D6BAA9A}.Debug|x86.Build.0 = Debug|Win32
		{436F73B8-8162-4B97-A044-E94B2D6BAA9A}.Release|x64.ActiveCfg = Release|x64
		{436F73B8-8162-4B97-A044-E94B2D6BAA9A}.Release|x64.Build.0 = Release|x64
		{436F73B8-8162-4B97-A044-E94B2D6BAA9A}.Release|x86.ActiveCfg = Release|Win32
		{436F73B8-8162-4B97-A044-E94B2D6BAA9A}.Release|x86.Build.0 = Release|Win32
		{8AF7A52F-6D9F-46E6-840B-5A0F7DDDED52}.Debug|x64.ActiveCfg = Debug|x64
		{8AF7A52F-6D9F-46E6-840B-5A0F7DDDED52}.Debug|x64.Build.0 = Debug|x64
		{8AF7A52F-6D9F-46E6-840B-5A0F7DDDED52}.Debug|x86.ActiveCfg = Debug|Win32
		{8AF7A52F-6D9F-46E6-840B-5A0F7DDDED52}.Debug|x86.Build.0 = Debug|Win32
		{8AF7A52F-6D9F-46E6-840B-5A0F7DDDED52}.Release|x64.ActiveCfg = Release|x64
		{8AF7A52F-6D9F-46E6-840B-5A0F7DDDED52}.Release|x64.Build.0 = Release|x64
		{8AF7A52F-6D9F-46E6-840B-5A0F7DDDED52}.Release|x86.ActiveCfg = Release|Win32
		{8AF7A52F-6D9F-46E6-840B-5A0F7DDDED52}.Release|x86.Build.0 = Release|Win32
	EndGlobalSection
	GlobalSection(SolutionProperties) = preSolution
		HideSolutionNode = FALSE
	EndGlobalSection
EndGlobal
